
Microsoft Visual Studio Solution File, Format Version 12.00
# Visual Studio 2013
VisualStudioVersion = 12.0.30501.0
MinimumVisualStudioVersion = 10.0.40219.1
Project("{F184B08F-C81C-45F6-A57F-5ABD9991F28F}") = "vbtest", "VBTest\vbtest.vbproj", "{19CDB9C7-E85D-4436-9E4C-1BDFF4BAD44C}"
EndProject
Project("{FAE04EC0-301F-11D3-BF4B-00C04F79EFBC}") = "CSTest", "CSTest\CSTest.csproj", "{17E7BBCA-C5F9-48DA-8330-802CE0D19FB7}"
EndProject
Project("{F184B08F-C81C-45F6-A57F-5ABD9991F28F}") = "MCMonitor", "MCMonitor\MCMonitor.vbproj", "{ADADE0E8-17C6-4157-8834-14F8D4AF5001}"
EndProject
Global
	GlobalSection(SolutionConfigurationPlatforms) = preSolution
		Debug|Any CPU = Debug|Any CPU
		Release|Any CPU = Release|Any CPU
	EndGlobalSection
	GlobalSection(ProjectConfigurationPlatforms) = postSolution
		{19CDB9C7-E85D-4436-9E4C-1BDFF4BAD44C}.Debug|Any CPU.ActiveCfg = Debug|Any CPU
		{19CDB9C7-E85D-4436-9E4C-1BDFF4BAD44C}.Debug|Any CPU.Build.0 = Debug|Any CPU
		{19CDB9C7-E85D-4436-9E4C-1BDFF4BAD44C}.Release|Any CPU.ActiveCfg = Release|Any CPU
		{19CDB9C7-E85D-4436-9E4C-1BDFF4BAD44C}.Release|Any CPU.Build.0 = Release|Any CPU
		{17E7BBCA-C5F9-48DA-8330-802CE0D19FB7}.Debug|Any CPU.ActiveCfg = Debug|Any CPU
		{17E7BBCA-C5F9-48DA-8330-802CE0D19FB7}.Debug|Any CPU.Build.0 = Debug|Any CPU
		{17E7BBCA-C5F9-48DA-8330-802CE0D19FB7}.Release|Any CPU.ActiveCfg = Release|Any CPU
		{17E7BBCA-C5F9-48DA-8330-802CE0D19FB7}.Release|Any CPU.Build.0 = Release|Any CPU
		{ADADE0E8-17C6-4157-8834-14F8D4AF5001}.Debug|Any CPU.ActiveCfg = Debug|Any CPU
		{ADADE0E8-17C6-4157-8834-14F8D4AF5001}.Debug|Any CPU.Build.0 = Debug|Any CPU
		{ADADE0E8-17C6-4157-8834-14F8D4AF5001}.Release|Any CPU.ActiveCfg = Release|Any CPU
		{ADADE0E8-17C6-4157-8834-14F8D4AF5001}.Release|Any CPU.Build.0 = Release|Any CPU
	EndGlobalSection
	GlobalSection(SolutionProperties) = preSolution
		HideSolutionNode = FALSE
	EndGlobalSection
EndGlobal
